%{
  "benchfella": {:hex, :benchfella, "0.3.5", "b2122c234117b3f91ed7b43b6e915e19e1ab216971154acd0a80ce0e9b8c05f5", [:mix], [], "hexpm", "23f27cbc482cbac03fc8926441eb60a5e111759c17642bac005c3225f5eb809d"},
  "boundary": {:hex, :boundary, "0.4.4", "46dbe9bd7b1565a69ef7c83e4964c480e1079686c7ffaed1d5942fb4691f8ebe", [:mix], [], "hexpm", "d6adb866b283812bf3fb7177ac88e36fab4d011ae58a8aa7edfa61ba6736cb3e"},
  "bunt": {:hex, :bunt, "0.2.0", "951c6e801e8b1d2cbe58ebbd3e616a869061ddadcc4863d0a2182541acae9a38", [:mix], [], "hexpm", "7af5c7e09fe1d40f76c8e4f9dd2be7cebd83909f31fee7cd0e9eadc567da8353"},
  "cloister": {:hex, :cloister, "0.5.0", "28f087233fe267a15eed758c38bc1fe4291c03e7b0dae29e6d92322f8a1b3c9a", [:mix], [{:boundary, "~> 0.4", [hex: :boundary, repo: "hexpm", optional: false]}, {:libring, "~> 1.0", [hex: :libring, repo: "hexpm", optional: false]}], "hexpm", "8f2dadead4212ef2ad73e6c2549993f252c7909d74d7a96ccd61d5eb93042e8b"},
  "credo": {:hex, :credo, "1.4.0", "92339d4cbadd1e88b5ee43d427b639b68a11071b6f73854e33638e30a0ea11f5", [:mix], [{:bunt, "~> 0.2.0", [hex: :bunt, repo: "hexpm", optional: false]}, {:jason, "~> 1.0", [hex: :jason, repo: "hexpm", optional: false]}], "hexpm", "1fd3b70dce216574ce3c18bdf510b57e7c4c85c2ec9cad4bff854abaf7e58658"},
  "dialyxir": {:hex, :dialyxir, "1.0.0", "6a1fa629f7881a9f5aaf3a78f094b2a51a0357c843871b8bc98824e7342d00a5", [:mix], [{:erlex, ">= 0.2.6", [hex: :erlex, repo: "hexpm", optional: false]}], "hexpm", "aeb06588145fac14ca08d8061a142d52753dbc2cf7f0d00fc1013f53f8654654"},
  "earmark": {:hex, :earmark, "1.4.9", "837e4c1c5302b3135e9955f2bbf52c6c52e950c383983942b68b03909356c0d9", [:mix], [{:earmark_parser, ">= 1.4.9", [hex: :earmark_parser, repo: "hexpm", optional: false]}], "hexpm", "0d72df7d13a3dc8422882bed5263fdec5a773f56f7baeb02379361cb9e5b0d8e"},
  "earmark_parser": {:hex, :earmark_parser, "1.4.9", "819bda2049e6ee1365424e4ced1ba65806eacf0d2867415f19f3f80047f8037b", [:mix], [], "hexpm", "8bf54fddabf2d7e137a0c22660e71b49d5a0a82d1fb05b5af62f2761cd6485c4"},
  "erlex": {:hex, :erlex, "0.2.6", "c7987d15e899c7a2f34f5420d2a2ea0d659682c06ac607572df55a43753aa12e", [:mix], [], "hexpm", "2ed2e25711feb44d52b17d2780eabf998452f6efda104877a3881c2f8c0c0c75"},
  "ex_doc": {:hex, :ex_doc, "0.22.1", "9bb6d51508778193a4ea90fa16eac47f8b67934f33f8271d5e1edec2dc0eee4c", [:mix], [{:earmark, "~> 1.4.0", [hex: :earmark, repo: "hexpm", optional: false]}, {:makeup_elixir, "~> 0.14", [hex: :makeup_elixir, repo: "hexpm", optional: false]}], "hexpm", "d957de1b75cb9f78d3ee17820733dc4460114d8b1e11f7ee4fd6546e69b1db60"},
  "formulae": {:hex, :formulae, "0.8.0", "1e94d1e038e6d42068cd474aefa3dd81bafc5af4e53399f1ee977c2e4be58a84", [:mix], [], "hexpm", "1f31da15c66a0f02720dc48f0b9f317e581c1779325b998d142a978b95453bcb"},
  "jason": {:hex, :jason, "1.2.1", "12b22825e22f468c02eb3e4b9985f3d0cb8dc40b9bd704730efa11abd2708c44", [:mix], [{:decimal, "~> 1.0", [hex: :decimal, repo: "hexpm", optional: true]}], "hexpm", "b659b8571deedf60f79c5a608e15414085fa141344e2716fbd6988a084b5f993"},
  "libring": {:hex, :libring, "1.5.0", "44313eb6862f5c9168594a061e9d5f556a9819da7c6444706a9e2da533396d70", [:mix], [], "hexpm", "04e843d4fdcff49a62d8e03778d17c6cb2a03fe2d14020d3825a1761b55bd6cc"},
  "makeup": {:hex, :makeup, "1.0.3", "e339e2f766d12e7260e6672dd4047405963c5ec99661abdc432e6ec67d29ef95", [:mix], [{:nimble_parsec, "~> 0.5", [hex: :nimble_parsec, repo: "hexpm", optional: false]}], "hexpm", "2e9b4996d11832947731f7608fed7ad2f9443011b3b479ae288011265cdd3dad"},
  "makeup_elixir": {:hex, :makeup_elixir, "0.14.1", "4f0e96847c63c17841d42c08107405a005a2680eb9c7ccadfd757bd31dabccfb", [:mix], [{:makeup, "~> 1.0", [hex: :makeup, repo: "hexpm", optional: false]}], "hexpm", "f2438b1a80eaec9ede832b5c41cd4f373b38fd7aa33e3b22d9db79e640cbde11"},
  "meck": {:hex, :meck, "0.8.13", "ffedb39f99b0b99703b8601c6f17c7f76313ee12de6b646e671e3188401f7866", [:rebar3], [], "hexpm", "d34f013c156db51ad57cc556891b9720e6a1c1df5fe2e15af999c84d6cebeb1a"},
  "mock": {:hex, :mock, "0.3.5", "feb81f52b8dcf0a0d65001d2fec459f6b6a8c22562d94a965862f6cc066b5431", [:mix], [{:meck, "~> 0.8.13", [hex: :meck, repo: "hexpm", optional: false]}], "hexpm", "6fae404799408300f863550392635d8f7e3da6b71abdd5c393faf41b131c8728"},
  "nimble_options": {:hex, :nimble_options, "0.3.0", "1872911bf50a048f04da26e02704e6aeafc362c2daa7636b6dbfda9492ccfcfa", [:mix], [], "hexpm", "180790a8644fea402452bc15bb54b9bf2c8e5c1fdeb6b39d8072e59c324edf7f"},
  "nimble_parsec": {:hex, :nimble_parsec, "0.6.0", "32111b3bf39137144abd7ba1cce0914533b2d16ef35e8abc5ec8be6122944263", [:mix], [], "hexpm", "27eac315a94909d4dc68bc07a4a83e06c8379237c5ea528a9acff4ca1c873c52"},
  "stream_data": {:hex, :stream_data, "0.5.0", "b27641e58941685c75b353577dc602c9d2c12292dd84babf506c2033cd97893e", [:mix], [], "hexpm", "012bd2eec069ada4db3411f9115ccafa38540a3c78c4c0349f151fc761b9e271"},
  "telemetria": {:hex, :telemetria, "0.8.0", "b52e7e7b788483260e306514bdac8831e2fdb16648ab30f70aa708d9ef624d75", [:mix], [{:boundary, "~> 0.4", [hex: :boundary, repo: "hexpm", optional: false]}, {:jason, "~> 1.0", [hex: :jason, repo: "hexpm", optional: false]}, {:nimble_options, "~> 0.2", [hex: :nimble_options, repo: "hexpm", optional: false]}, {:telemetry, "~> 0.4", [hex: :telemetry, repo: "hexpm", optional: false]}, {:telemetry_poller, "~> 0.5", [hex: :telemetry_poller, repo: "hexpm", optional: false]}], "hexpm", "d4bf9a31e1f719cc9e80b6f6b649aefcd246b6db5c034155bff15f6c09cc9611"},
  "telemetry": {:hex, :telemetry, "0.4.2", "2808c992455e08d6177322f14d3bdb6b625fbcfd233a73505870d8738a2f4599", [:rebar3], [], "hexpm", "2d1419bd9dda6a206d7b5852179511722e2b18812310d304620c7bd92a13fcef"},
  "telemetry_poller": {:hex, :telemetry_poller, "0.5.1", "21071cc2e536810bac5628b935521ff3e28f0303e770951158c73eaaa01e962a", [:rebar3], [{:telemetry, "~> 0.4", [hex: :telemetry, repo: "hexpm", optional: false]}], "hexpm", "4cab72069210bc6e7a080cec9afffad1b33370149ed5d379b81c7c5f0c663fd4"},
  "test_cluster_task": {:hex, :test_cluster_task, "0.5.2", "b6519d48d0422b440dd847693079483c5bf86590aced73a19068aecf6f8d9138", [:mix], [], "hexpm", "029c6f4b3217c095cf76540963aced6e0fdd04cfd2fddc8dba9368a879029d62"},
}
